
Microsoft Visual Studio Solution File, Format Version 12.00
# Visual Studio Version 16
VisualStudioVersion = 16.0.30320.27
MinimumVisualStudioVersion = 10.0.40219.1
Project("{FAE04EC0-301F-11D3-BF4B-00C04F79EFBC}") = "GlassLewisAutomation", "GlassLewisAutomation\GlassLewisAutomation.csproj", "{815E6255-542E-4736-B358-ADACE06F61E5}"
EndProject
Global
	GlobalSection(SolutionConfigurationPlatforms) = preSolution
		Debug|Any CPU = Debug|Any CPU
		Release|Any CPU = Release|Any CPU
	EndGlobalSection
	GlobalSection(ProjectConfigurationPlatforms) = postSolution
		{815E6255-542E-4736-B358-ADACE06F61E5}.Debug|Any CPU.ActiveCfg = Debug|Any CPU
		{815E6255-542E-4736-B358-ADACE06F61E5}.Debug|Any CPU.Build.0 = Debug|Any CPU
		{815E6255-542E-4736-B358-ADACE06F61E5}.Release|Any CPU.ActiveCfg = Release|Any CPU
		{815E6255-542E-4736-B358-ADACE06F61E5}.Release|Any CPU.Build.0 = Release|Any CPU
	EndGlobalSection
	GlobalSection(SolutionProperties) = preSolution
		HideSolutionNode = FALSE
	EndGlobalSection
	GlobalSection(ExtensibilityGlobals) = postSolution
		SolutionGuid = {294F3CA6-8C76-4B21-97BD-4062798A3101}
	EndGlobalSection
EndGlobal
